
Microsoft Visual Studio Solution File, Format Version 12.00
# Visual Studio Version 17
VisualStudioVersion = 17.0.32126.317
MinimumVisualStudioVersion = 10.0.40219.1
Project("{9A19103F-16F7-4668-BE54-9A1E7A4F7556}") = "Turmerik.Core", "Turmerik.Core.csproj", "{B719E747-3AF7-4411-84E8-8B11C262E53D}"
EndProject
Project("{2150E333-8FDC-42A3-9474-1A3956D46DE8}") = "UnitTests", "UnitTests", "{4A056817-0BB3-46F6-8123-DF97E5811BF8}"
EndProject
Project("{2150E333-8FDC-42A3-9474-1A3956D46DE8}") = "Core", "Core", "{3CCE14A3-858C-4AE6-BE1A-48932E1998E0}"
EndProject
Project("{2150E333-8FDC-42A3-9474-1A3956D46DE8}") = "OneDriveExplorer", "OneDriveExplorer", "{F13A9F6C-9BCC-4E59-8109-BC6C5DCF3B6E}"
EndProject
Project("{9A19103F-16F7-4668-BE54-9A1E7A4F7556}") = "Turmerik.UnitTests", "..\Turmerik.UnitTests\Turmerik.UnitTests.csproj", "{C0AB886D-89A0-4847-ACA0-F9EA69C538DA}"
EndProject
Project("{9A19103F-16F7-4668-BE54-9A1E7A4F7556}") = "Turmerik.Cloneable.UnitTests", "..\Turmerik.Cloneable.UnitTests\Turmerik.Cloneable.UnitTests.csproj", "{7E20B706-2843-4DE9-9429-8647121D0FDA}"
EndProject
Project("{2150E333-8FDC-42A3-9474-1A3956D46DE8}") = "Solution Items", "Solution Items", "{B46E69F5-29AF-4F8F-8402-60F4A5895A99}"
	ProjectSection(SolutionItems) = preProject
		.editorconfig = .editorconfig
	EndProjectSection
EndProject
Project("{9A19103F-16F7-4668-BE54-9A1E7A4F7556}") = "Turmerik.Testing.Core", "..\Turmerik.Testing.Core\Turmerik.Testing.Core.csproj", "{E1234A77-7E26-4A4E-9AC0-F01E1922885B}"
EndProject
Project("{2150E333-8FDC-42A3-9474-1A3956D46DE8}") = "LocalDiskExplorer", "LocalDiskExplorer", "{44E9787E-7839-4DDC-AE84-41C95B472655}"
EndProject
Project("{9A19103F-16F7-4668-BE54-9A1E7A4F7556}") = "Turmerik.OneDriveExplorer.Blazor.App", "..\Turmerik.OneDriveExplorer.Blazor.App\Turmerik.OneDriveExplorer.Blazor.App.csproj", "{D50B305F-6AFE-4DA4-8EB4-CFB9802A86AE}"
EndProject
Project("{9A19103F-16F7-4668-BE54-9A1E7A4F7556}") = "Turmerik.LocalDiskExplorer.Blazor.App", "..\Turmerik.LocalDiskExplorer.Blazor.App\Turmerik.LocalDiskExplorer.Blazor.App.csproj", "{776955F8-7BFB-48D7-AF3E-456BCC9D986E}"
EndProject
Project("{9A19103F-16F7-4668-BE54-9A1E7A4F7556}") = "BlazorApp1", "..\BlazorApp1\BlazorApp1.csproj", "{8FEFB41D-5284-47C2-8F73-152EF68FF9D1}"
EndProject
Project("{9A19103F-16F7-4668-BE54-9A1E7A4F7556}") = "Turmerik.AspNetCore.MsIdentity", "..\Turmerik.AspNetCore.MsIdentity\Turmerik.AspNetCore.MsIdentity.csproj", "{F0AC3667-0C37-4BA8-B156-3409A4B1C9DA}"
EndProject
Project("{9A19103F-16F7-4668-BE54-9A1E7A4F7556}") = "Turmerik.AspNetCore", "..\Turmerik.AspNetCore\Turmerik.AspNetCore.csproj", "{0098DD89-4D2B-45A7-9D6E-4580A23783D8}"
EndProject
Project("{9A19103F-16F7-4668-BE54-9A1E7A4F7556}") = "Turmerik.AspNetCore.OpenId", "..\Turmerik.AspNetCore.OpenId\Turmerik.AspNetCore.OpenId.csproj", "{2E399DFC-6CB9-42A5-919D-552640617146}"
EndProject
Project("{9A19103F-16F7-4668-BE54-9A1E7A4F7556}") = "Turmerik.Blazor.Core", "..\Turmerik.Blazor.Core\Turmerik.Blazor.Core.csproj", "{FDF3B14D-BBE7-4CAB-B007-C7684AC39AC0}"
EndProject
Project("{9A19103F-16F7-4668-BE54-9A1E7A4F7556}") = "Turmerik.Blazor.OpenId", "..\Turmerik.Blazor.OpenId\Turmerik.Blazor.OpenId.csproj", "{E3E20EA4-3CEA-47D9-B209-5B0D52D3496E}"
EndProject
Project("{9A19103F-16F7-4668-BE54-9A1E7A4F7556}") = "Turmerik.MsGraph.Core", "..\Turmerik.MsGraph.Core\Turmerik.MsGraph.Core.csproj", "{288C8FE6-13C9-4C67-9700-31E0D3438C10}"
EndProject
Project("{2150E333-8FDC-42A3-9474-1A3956D46DE8}") = "MusicalKeyboard", "MusicalKeyboard", "{6FFB2FDE-FB20-4A76-B564-C57084D51B86}"
EndProject
Project("{9A19103F-16F7-4668-BE54-9A1E7A4F7556}") = "Turmerik.MusicalKeyboard.Blazor.App", "..\Turmerik.MusicalKeyboard.Blazor.App\Turmerik.MusicalKeyboard.Blazor.App.csproj", "{BC90162A-BC3B-4D71-B6C8-AE705C3CF061}"
EndProject
Project("{9A19103F-16F7-4668-BE54-9A1E7A4F7556}") = "Turmerik.MusicalKeyboard.XmrnForms.App", "..\Turmerik.MusicalKeyboard.XmrnForms.App\Turmerik.MusicalKeyboard.XmrnForms.App.csproj", "{41AE31FF-85FE-41E8-82E3-B329FF6B5D6F}"
EndProject
Project("{FAE04EC0-301F-11D3-BF4B-00C04F79EFBC}") = "Turmerik.MusicalKeyboard.XmrnForms.App.Android", "..\Turmerik.MusicalKeyboard.XmrnForms.App.Android\Turmerik.MusicalKeyboard.XmrnForms.App.Android.csproj", "{87254710-77C9-458A-A273-421981CBBCDA}"
EndProject
Project("{FAE04EC0-301F-11D3-BF4B-00C04F79EFBC}") = "Turmerik.MusicalKeyboard.XmrnForms.App.iOS", "..\Turmerik.MusicalKeyboard.XmrnForms.App.iOS\Turmerik.MusicalKeyboard.XmrnForms.App.iOS.csproj", "{866F0012-6B8C-43FC-83FE-0D1A9F264F60}"
EndProject
Global
	GlobalSection(SolutionConfigurationPlatforms) = preSolution
		Debug|Any CPU = Debug|Any CPU
		Debug|iPhone = Debug|iPhone
		Debug|iPhoneSimulator = Debug|iPhoneSimulator
		Release|Any CPU = Release|Any CPU
		Release|iPhone = Release|iPhone
		Release|iPhoneSimulator = Release|iPhoneSimulator
	EndGlobalSection
	GlobalSection(ProjectConfigurationPlatforms) = postSolution
		{B719E747-3AF7-4411-84E8-8B11C262E53D}.Debug|Any CPU.ActiveCfg = Debug|Any CPU
		{B719E747-3AF7-4411-84E8-8B11C262E53D}.Debug|Any CPU.Build.0 = Debug|Any CPU
		{B719E747-3AF7-4411-84E8-8B11C262E53D}.Debug|iPhone.ActiveCfg = Debug|Any CPU
		{B719E747-3AF7-4411-84E8-8B11C262E53D}.Debug|iPhone.Build.0 = Debug|Any CPU
		{B719E747-3AF7-4411-84E8-8B11C262E53D}.Debug|iPhoneSimulator.ActiveCfg = Debug|Any CPU
		{B719E747-3AF7-4411-84E8-8B11C262E53D}.Debug|iPhoneSimulator.Build.0 = Debug|Any CPU
		{B719E747-3AF7-4411-84E8-8B11C262E53D}.Release|Any CPU.ActiveCfg = Release|Any CPU
		{B719E747-3AF7-4411-84E8-8B11C262E53D}.Release|Any CPU.Build.0 = Release|Any CPU
		{B719E747-3AF7-4411-84E8-8B11C262E53D}.Release|iPhone.ActiveCfg = Release|Any CPU
		{B719E747-3AF7-4411-84E8-8B11C262E53D}.Release|iPhone.Build.0 = Release|Any CPU
		{B719E747-3AF7-4411-84E8-8B11C262E53D}.Release|iPhoneSimulator.ActiveCfg = Release|Any CPU
		{B719E747-3AF7-4411-84E8-8B11C262E53D}.Release|iPhoneSimulator.Build.0 = Release|Any CPU
		{C0AB886D-89A0-4847-ACA0-F9EA69C538DA}.Debug|Any CPU.ActiveCfg = Debug|Any CPU
		{C0AB886D-89A0-4847-ACA0-F9EA69C538DA}.Debug|Any CPU.Build.0 = Debug|Any CPU
		{C0AB886D-89A0-4847-ACA0-F9EA69C538DA}.Debug|iPhone.ActiveCfg = Debug|Any CPU
		{C0AB886D-89A0-4847-ACA0-F9EA69C538DA}.Debug|iPhone.Build.0 = Debug|Any CPU
		{C0AB886D-89A0-4847-ACA0-F9EA69C538DA}.Debug|iPhoneSimulator.ActiveCfg = Debug|Any CPU
		{C0AB886D-89A0-4847-ACA0-F9EA69C538DA}.Debug|iPhoneSimulator.Build.0 = Debug|Any CPU
		{C0AB886D-89A0-4847-ACA0-F9EA69C538DA}.Release|Any CPU.ActiveCfg = Release|Any CPU
		{C0AB886D-89A0-4847-ACA0-F9EA69C538DA}.Release|Any CPU.Build.0 = Release|Any CPU
		{C0AB886D-89A0-4847-ACA0-F9EA69C538DA}.Release|iPhone.ActiveCfg = Release|Any CPU
		{C0AB886D-89A0-4847-ACA0-F9EA69C538DA}.Release|iPhone.Build.0 = Release|Any CPU
		{C0AB886D-89A0-4847-ACA0-F9EA69C538DA}.Release|iPhoneSimulator.ActiveCfg = Release|Any CPU
		{C0AB886D-89A0-4847-ACA0-F9EA69C538DA}.Release|iPhoneSimulator.Build.0 = Release|Any CPU
		{7E20B706-2843-4DE9-9429-8647121D0FDA}.Debug|Any CPU.ActiveCfg = Debug|Any CPU
		{7E20B706-2843-4DE9-9429-8647121D0FDA}.Debug|Any CPU.Build.0 = Debug|Any CPU
		{7E20B706-2843-4DE9-9429-8647121D0FDA}.Debug|iPhone.ActiveCfg = Debug|Any CPU
		{7E20B706-2843-4DE9-9429-8647121D0FDA}.Debug|iPhone.Build.0 = Debug|Any CPU
		{7E20B706-2843-4DE9-9429-8647121D0FDA}.Debug|iPhoneSimulator.ActiveCfg = Debug|Any CPU
		{7E20B706-2843-4DE9-9429-8647121D0FDA}.Debug|iPhoneSimulator.Build.0 = Debug|Any CPU
		{7E20B706-2843-4DE9-9429-8647121D0FDA}.Release|Any CPU.ActiveCfg = Release|Any CPU
		{7E20B706-2843-4DE9-9429-8647121D0FDA}.Release|Any CPU.Build.0 = Release|Any CPU
		{7E20B706-2843-4DE9-9429-8647121D0FDA}.Release|iPhone.ActiveCfg = Release|Any CPU
		{7E20B706-2843-4DE9-9429-8647121D0FDA}.Release|iPhone.Build.0 = Release|Any CPU
		{7E20B706-2843-4DE9-9429-8647121D0FDA}.Release|iPhoneSimulator.ActiveCfg = Release|Any CPU
		{7E20B706-2843-4DE9-9429-8647121D0FDA}.Release|iPhoneSimulator.Build.0 = Release|Any CPU
		{E1234A77-7E26-4A4E-9AC0-F01E1922885B}.Debug|Any CPU.ActiveCfg = Debug|Any CPU
		{E1234A77-7E26-4A4E-9AC0-F01E1922885B}.Debug|Any CPU.Build.0 = Debug|Any CPU
		{E1234A77-7E26-4A4E-9AC0-F01E1922885B}.Debug|iPhone.ActiveCfg = Debug|Any CPU
		{E1234A77-7E26-4A4E-9AC0-F01E1922885B}.Debug|iPhone.Build.0 = Debug|Any CPU
		{E1234A77-7E26-4A4E-9AC0-F01E1922885B}.Debug|iPhoneSimulator.ActiveCfg = Debug|Any CPU
		{E1234A77-7E26-4A4E-9AC0-F01E1922885B}.Debug|iPhoneSimulator.Build.0 = Debug|Any CPU
		{E1234A77-7E26-4A4E-9AC0-F01E1922885B}.Release|Any CPU.ActiveCfg = Release|Any CPU
		{E1234A77-7E26-4A4E-9AC0-F01E1922885B}.Release|Any CPU.Build.0 = Release|Any CPU
		{E1234A77-7E26-4A4E-9AC0-F01E1922885B}.Release|iPhone.ActiveCfg = Release|Any CPU
		{E1234A77-7E26-4A4E-9AC0-F01E1922885B}.Release|iPhone.Build.0 = Release|Any CPU
		{E1234A77-7E26-4A4E-9AC0-F01E1922885B}.Release|iPhoneSimulator.ActiveCfg = Release|Any CPU
		{E1234A77-7E26-4A4E-9AC0-F01E1922885B}.Release|iPhoneSimulator.Build.0 = Release|Any CPU
		{D50B305F-6AFE-4DA4-8EB4-CFB9802A86AE}.Debug|Any CPU.ActiveCfg = Debug|Any CPU
		{D50B305F-6AFE-4DA4-8EB4-CFB9802A86AE}.Debug|Any CPU.Build.0 = Debug|Any CPU
		{D50B305F-6AFE-4DA4-8EB4-CFB9802A86AE}.Debug|iPhone.ActiveCfg = Debug|Any CPU
		{D50B305F-6AFE-4DA4-8EB4-CFB9802A86AE}.Debug|iPhone.Build.0 = Debug|Any CPU
		{D50B305F-6AFE-4DA4-8EB4-CFB9802A86AE}.Debug|iPhoneSimulator.ActiveCfg = Debug|Any CPU
		{D50B305F-6AFE-4DA4-8EB4-CFB9802A86AE}.Debug|iPhoneSimulator.Build.0 = Debug|Any CPU
		{D50B305F-6AFE-4DA4-8EB4-CFB9802A86AE}.Release|Any CPU.ActiveCfg = Release|Any CPU
		{D50B305F-6AFE-4DA4-8EB4-CFB9802A86AE}.Release|Any CPU.Build.0 = Release|Any CPU
		{D50B305F-6AFE-4DA4-8EB4-CFB9802A86AE}.Release|iPhone.ActiveCfg = Release|Any CPU
		{D50B305F-6AFE-4DA4-8EB4-CFB9802A86AE}.Release|iPhone.Build.0 = Release|Any CPU
		{D50B305F-6AFE-4DA4-8EB4-CFB9802A86AE}.Release|iPhoneSimulator.ActiveCfg = Release|Any CPU
		{D50B305F-6AFE-4DA4-8EB4-CFB9802A86AE}.Release|iPhoneSimulator.Build.0 = Release|Any CPU
		{776955F8-7BFB-48D7-AF3E-456BCC9D986E}.Debug|Any CPU.ActiveCfg = Debug|Any CPU
		{776955F8-7BFB-48D7-AF3E-456BCC9D986E}.Debug|Any CPU.Build.0 = Debug|Any CPU
		{776955F8-7BFB-48D7-AF3E-456BCC9D986E}.Debug|iPhone.ActiveCfg = Debug|Any CPU
		{776955F8-7BFB-48D7-AF3E-456BCC9D986E}.Debug|iPhone.Build.0 = Debug|Any CPU
		{776955F8-7BFB-48D7-AF3E-456BCC9D986E}.Debug|iPhoneSimulator.ActiveCfg = Debug|Any CPU
		{776955F8-7BFB-48D7-AF3E-456BCC9D986E}.Debug|iPhoneSimulator.Build.0 = Debug|Any CPU
		{776955F8-7BFB-48D7-AF3E-456BCC9D986E}.Release|Any CPU.ActiveCfg = Release|Any CPU
		{776955F8-7BFB-48D7-AF3E-456BCC9D986E}.Release|Any CPU.Build.0 = Release|Any CPU
		{776955F8-7BFB-48D7-AF3E-456BCC9D986E}.Release|iPhone.ActiveCfg = Release|Any CPU
		{776955F8-7BFB-48D7-AF3E-456BCC9D986E}.Release|iPhone.Build.0 = Release|Any CPU
		{776955F8-7BFB-48D7-AF3E-456BCC9D986E}.Release|iPhoneSimulator.ActiveCfg = Release|Any CPU
		{776955F8-7BFB-48D7-AF3E-456BCC9D986E}.Release|iPhoneSimulator.Build.0 = Release|Any CPU
		{8FEFB41D-5284-47C2-8F73-152EF68FF9D1}.Debug|Any CPU.ActiveCfg = Debug|Any CPU
		{8FEFB41D-5284-47C2-8F73-152EF68FF9D1}.Debug|Any CPU.Build.0 = Debug|Any CPU
		{8FEFB41D-5284-47C2-8F73-152EF68FF9D1}.Debug|iPhone.ActiveCfg = Debug|Any CPU
		{8FEFB41D-5284-47C2-8F73-152EF68FF9D1}.Debug|iPhone.Build.0 = Debug|Any CPU
		{8FEFB41D-5284-47C2-8F73-152EF68FF9D1}.Debug|iPhoneSimulator.ActiveCfg = Debug|Any CPU
		{8FEFB41D-5284-47C2-8F73-152EF68FF9D1}.Debug|iPhoneSimulator.Build.0 = Debug|Any CPU
		{8FEFB41D-5284-47C2-8F73-152EF68FF9D1}.Release|Any CPU.ActiveCfg = Release|Any CPU
		{8FEFB41D-5284-47C2-8F73-152EF68FF9D1}.Release|Any CPU.Build.0 = Release|Any CPU
		{8FEFB41D-5284-47C2-8F73-152EF68FF9D1}.Release|iPhone.ActiveCfg = Release|Any CPU
		{8FEFB41D-5284-47C2-8F73-152EF68FF9D1}.Release|iPhone.Build.0 = Release|Any CPU
		{8FEFB41D-5284-47C2-8F73-152EF68FF9D1}.Release|iPhoneSimulator.ActiveCfg = Release|Any CPU
		{8FEFB41D-5284-47C2-8F73-152EF68FF9D1}.Release|iPhoneSimulator.Build.0 = Release|Any CPU
		{F0AC3667-0C37-4BA8-B156-3409A4B1C9DA}.Debug|Any CPU.ActiveCfg = Debug|Any CPU
		{F0AC3667-0C37-4BA8-B156-3409A4B1C9DA}.Debug|Any CPU.Build.0 = Debug|Any CPU
		{F0AC3667-0C37-4BA8-B156-3409A4B1C9DA}.Debug|iPhone.ActiveCfg = Debug|Any CPU
		{F0AC3667-0C37-4BA8-B156-3409A4B1C9DA}.Debug|iPhone.Build.0 = Debug|Any CPU
		{F0AC3667-0C37-4BA8-B156-3409A4B1C9DA}.Debug|iPhoneSimulator.ActiveCfg = Debug|Any CPU
		{F0AC3667-0C37-4BA8-B156-3409A4B1C9DA}.Debug|iPhoneSimulator.Build.0 = Debug|Any CPU
		{F0AC3667-0C37-4BA8-B156-3409A4B1C9DA}.Release|Any CPU.ActiveCfg = Release|Any CPU
		{F0AC3667-0C37-4BA8-B156-3409A4B1C9DA}.Release|Any CPU.Build.0 = Release|Any CPU
		{F0AC3667-0C37-4BA8-B156-3409A4B1C9DA}.Release|iPhone.ActiveCfg = Release|Any CPU
		{F0AC3667-0C37-4BA8-B156-3409A4B1C9DA}.Release|iPhone.Build.0 = Release|Any CPU
		{F0AC3667-0C37-4BA8-B156-3409A4B1C9DA}.Release|iPhoneSimulator.ActiveCfg = Release|Any CPU
		{F0AC3667-0C37-4BA8-B156-3409A4B1C9DA}.Release|iPhoneSimulator.Build.0 = Release|Any CPU
		{0098DD89-4D2B-45A7-9D6E-4580A23783D8}.Debug|Any CPU.ActiveCfg = Debug|Any CPU
		{0098DD89-4D2B-45A7-9D6E-4580A23783D8}.Debug|Any CPU.Build.0 = Debug|Any CPU
		{0098DD89-4D2B-45A7-9D6E-4580A23783D8}.Debug|iPhone.ActiveCfg = Debug|Any CPU
		{0098DD89-4D2B-45A7-9D6E-4580A23783D8}.Debug|iPhone.Build.0 = Debug|Any CPU
		{0098DD89-4D2B-45A7-9D6E-4580A23783D8}.Debug|iPhoneSimulator.ActiveCfg = Debug|Any CPU
		{0098DD89-4D2B-45A7-9D6E-4580A23783D8}.Debug|iPhoneSimulator.Build.0 = Debug|Any CPU
		{0098DD89-4D2B-45A7-9D6E-4580A23783D8}.Release|Any CPU.ActiveCfg = Release|Any CPU
		{0098DD89-4D2B-45A7-9D6E-4580A23783D8}.Release|Any CPU.Build.0 = Release|Any CPU
		{0098DD89-4D2B-45A7-9D6E-4580A23783D8}.Release|iPhone.ActiveCfg = Release|Any CPU
		{0098DD89-4D2B-45A7-9D6E-4580A23783D8}.Release|iPhone.Build.0 = Release|Any CPU
		{0098DD89-4D2B-45A7-9D6E-4580A23783D8}.Release|iPhoneSimulator.ActiveCfg = Release|Any CPU
		{0098DD89-4D2B-45A7-9D6E-4580A23783D8}.Release|iPhoneSimulator.Build.0 = Release|Any CPU
		{2E399DFC-6CB9-42A5-919D-552640617146}.Debug|Any CPU.ActiveCfg = Debug|Any CPU
		{2E399DFC-6CB9-42A5-919D-552640617146}.Debug|Any CPU.Build.0 = Debug|Any CPU
		{2E399DFC-6CB9-42A5-919D-552640617146}.Debug|iPhone.ActiveCfg = Debug|Any CPU
		{2E399DFC-6CB9-42A5-919D-552640617146}.Debug|iPhone.Build.0 = Debug|Any CPU
		{2E399DFC-6CB9-42A5-919D-552640617146}.Debug|iPhoneSimulator.ActiveCfg = Debug|Any CPU
		{2E399DFC-6CB9-42A5-919D-552640617146}.Debug|iPhoneSimulator.Build.0 = Debug|Any CPU
		{2E399DFC-6CB9-42A5-919D-552640617146}.Release|Any CPU.ActiveCfg = Release|Any CPU
		{2E399DFC-6CB9-42A5-919D-552640617146}.Release|Any CPU.Build.0 = Release|Any CPU
		{2E399DFC-6CB9-42A5-919D-552640617146}.Release|iPhone.ActiveCfg = Release|Any CPU
		{2E399DFC-6CB9-42A5-919D-552640617146}.Release|iPhone.Build.0 = Release|Any CPU
		{2E399DFC-6CB9-42A5-919D-552640617146}.Release|iPhoneSimulator.ActiveCfg = Release|Any CPU
		{2E399DFC-6CB9-42A5-919D-552640617146}.Release|iPhoneSimulator.Build.0 = Release|Any CPU
		{FDF3B14D-BBE7-4CAB-B007-C7684AC39AC0}.Debug|Any CPU.ActiveCfg = Debug|Any CPU
		{FDF3B14D-BBE7-4CAB-B007-C7684AC39AC0}.Debug|Any CPU.Build.0 = Debug|Any CPU
		{FDF3B14D-BBE7-4CAB-B007-C7684AC39AC0}.Debug|iPhone.ActiveCfg = Debug|Any CPU
		{FDF3B14D-BBE7-4CAB-B007-C7684AC39AC0}.Debug|iPhone.Build.0 = Debug|Any CPU
		{FDF3B14D-BBE7-4CAB-B007-C7684AC39AC0}.Debug|iPhoneSimulator.ActiveCfg = Debug|Any CPU
		{FDF3B14D-BBE7-4CAB-B007-C7684AC39AC0}.Debug|iPhoneSimulator.Build.0 = Debug|Any CPU
		{FDF3B14D-BBE7-4CAB-B007-C7684AC39AC0}.Release|Any CPU.ActiveCfg = Release|Any CPU
		{FDF3B14D-BBE7-4CAB-B007-C7684AC39AC0}.Release|Any CPU.Build.0 = Release|Any CPU
		{FDF3B14D-BBE7-4CAB-B007-C7684AC39AC0}.Release|iPhone.ActiveCfg = Release|Any CPU
		{FDF3B14D-BBE7-4CAB-B007-C7684AC39AC0}.Release|iPhone.Build.0 = Release|Any CPU
		{FDF3B14D-BBE7-4CAB-B007-C7684AC39AC0}.Release|iPhoneSimulator.ActiveCfg = Release|Any CPU
		{FDF3B14D-BBE7-4CAB-B007-C7684AC39AC0}.Release|iPhoneSimulator.Build.0 = Release|Any CPU
		{E3E20EA4-3CEA-47D9-B209-5B0D52D3496E}.Debug|Any CPU.ActiveCfg = Debug|Any CPU
		{E3E20EA4-3CEA-47D9-B209-5B0D52D3496E}.Debug|Any CPU.Build.0 = Debug|Any CPU
		{E3E20EA4-3CEA-47D9-B209-5B0D52D3496E}.Debug|iPhone.ActiveCfg = Debug|Any CPU
		{E3E20EA4-3CEA-47D9-B209-5B0D52D3496E}.Debug|iPhone.Build.0 = Debug|Any CPU
		{E3E20EA4-3CEA-47D9-B209-5B0D52D3496E}.Debug|iPhoneSimulator.ActiveCfg = Debug|Any CPU
		{E3E20EA4-3CEA-47D9-B209-5B0D52D3496E}.Debug|iPhoneSimulator.Build.0 = Debug|Any CPU
		{E3E20EA4-3CEA-47D9-B209-5B0D52D3496E}.Release|Any CPU.ActiveCfg = Release|Any CPU
		{E3E20EA4-3CEA-47D9-B209-5B0D52D3496E}.Release|Any CPU.Build.0 = Release|Any CPU
		{E3E20EA4-3CEA-47D9-B209-5B0D52D3496E}.Release|iPhone.ActiveCfg = Release|Any CPU
		{E3E20EA4-3CEA-47D9-B209-5B0D52D3496E}.Release|iPhone.Build.0 = Release|Any CPU
		{E3E20EA4-3CEA-47D9-B209-5B0D52D3496E}.Release|iPhoneSimulator.ActiveCfg = Release|Any CPU
		{E3E20EA4-3CEA-47D9-B209-5B0D52D3496E}.Release|iPhoneSimulator.Build.0 = Release|Any CPU
		{288C8FE6-13C9-4C67-9700-31E0D3438C10}.Debug|Any CPU.ActiveCfg = Debug|Any CPU
		{288C8FE6-13C9-4C67-9700-31E0D3438C10}.Debug|Any CPU.Build.0 = Debug|Any CPU
		{288C8FE6-13C9-4C67-9700-31E0D3438C10}.Debug|iPhone.ActiveCfg = Debug|Any CPU
		{288C8FE6-13C9-4C67-9700-31E0D3438C10}.Debug|iPhone.Build.0 = Debug|Any CPU
		{288C8FE6-13C9-4C67-9700-31E0D3438C10}.Debug|iPhoneSimulator.ActiveCfg = Debug|Any CPU
		{288C8FE6-13C9-4C67-9700-31E0D3438C10}.Debug|iPhoneSimulator.Build.0 = Debug|Any CPU
		{288C8FE6-13C9-4C67-9700-31E0D3438C10}.Release|Any CPU.ActiveCfg = Release|Any CPU
		{288C8FE6-13C9-4C67-9700-31E0D3438C10}.Release|Any CPU.Build.0 = Release|Any CPU
		{288C8FE6-13C9-4C67-9700-31E0D3438C10}.Release|iPhone.ActiveCfg = Release|Any CPU
		{288C8FE6-13C9-4C67-9700-31E0D3438C10}.Release|iPhone.Build.0 = Release|Any CPU
		{288C8FE6-13C9-4C67-9700-31E0D3438C10}.Release|iPhoneSimulator.ActiveCfg = Release|Any CPU
		{288C8FE6-13C9-4C67-9700-31E0D3438C10}.Release|iPhoneSimulator.Build.0 = Release|Any CPU
		{BC90162A-BC3B-4D71-B6C8-AE705C3CF061}.Debug|Any CPU.ActiveCfg = Debug|Any CPU
		{BC90162A-BC3B-4D71-B6C8-AE705C3CF061}.Debug|Any CPU.Build.0 = Debug|Any CPU
		{BC90162A-BC3B-4D71-B6C8-AE705C3CF061}.Debug|iPhone.ActiveCfg = Debug|Any CPU
		{BC90162A-BC3B-4D71-B6C8-AE705C3CF061}.Debug|iPhone.Build.0 = Debug|Any CPU
		{BC90162A-BC3B-4D71-B6C8-AE705C3CF061}.Debug|iPhoneSimulator.ActiveCfg = Debug|Any CPU
		{BC90162A-BC3B-4D71-B6C8-AE705C3CF061}.Debug|iPhoneSimulator.Build.0 = Debug|Any CPU
		{BC90162A-BC3B-4D71-B6C8-AE705C3CF061}.Release|Any CPU.ActiveCfg = Release|Any CPU
		{BC90162A-BC3B-4D71-B6C8-AE705C3CF061}.Release|Any CPU.Build.0 = Release|Any CPU
		{BC90162A-BC3B-4D71-B6C8-AE705C3CF061}.Release|iPhone.ActiveCfg = Release|Any CPU
		{BC90162A-BC3B-4D71-B6C8-AE705C3CF061}.Release|iPhone.Build.0 = Release|Any CPU
		{BC90162A-BC3B-4D71-B6C8-AE705C3CF061}.Release|iPhoneSimulator.ActiveCfg = Release|Any CPU
		{BC90162A-BC3B-4D71-B6C8-AE705C3CF061}.Release|iPhoneSimulator.Build.0 = Release|Any CPU
		{41AE31FF-85FE-41E8-82E3-B329FF6B5D6F}.Debug|Any CPU.ActiveCfg = Debug|Any CPU
		{41AE31FF-85FE-41E8-82E3-B329FF6B5D6F}.Debug|Any CPU.Build.0 = Debug|Any CPU
		{41AE31FF-85FE-41E8-82E3-B329FF6B5D6F}.Debug|iPhone.ActiveCfg = Debug|Any CPU
		{41AE31FF-85FE-41E8-82E3-B329FF6B5D6F}.Debug|iPhone.Build.0 = Debug|Any CPU
		{41AE31FF-85FE-41E8-82E3-B329FF6B5D6F}.Debug|iPhoneSimulator.ActiveCfg = Debug|Any CPU
		{41AE31FF-85FE-41E8-82E3-B329FF6B5D6F}.Debug|iPhoneSimulator.Build.0 = Debug|Any CPU
		{41AE31FF-85FE-41E8-82E3-B329FF6B5D6F}.Release|Any CPU.ActiveCfg = Release|Any CPU
		{41AE31FF-85FE-41E8-82E3-B329FF6B5D6F}.Release|Any CPU.Build.0 = Release|Any CPU
		{41AE31FF-85FE-41E8-82E3-B329FF6B5D6F}.Release|iPhone.ActiveCfg = Release|Any CPU
		{41AE31FF-85FE-41E8-82E3-B329FF6B5D6F}.Release|iPhone.Build.0 = Release|Any CPU
		{41AE31FF-85FE-41E8-82E3-B329FF6B5D6F}.Release|iPhoneSimulator.ActiveCfg = Release|Any CPU
		{41AE31FF-85FE-41E8-82E3-B329FF6B5D6F}.Release|iPhoneSimulator.Build.0 = Release|Any CPU
		{87254710-77C9-458A-A273-421981CBBCDA}.Debug|Any CPU.ActiveCfg = Debug|Any CPU
		{87254710-77C9-458A-A273-421981CBBCDA}.Debug|Any CPU.Build.0 = Debug|Any CPU
		{87254710-77C9-458A-A273-421981CBBCDA}.Debug|Any CPU.Deploy.0 = Debug|Any CPU
		{87254710-77C9-458A-A273-421981CBBCDA}.Debug|iPhone.ActiveCfg = Debug|Any CPU
		{87254710-77C9-458A-A273-421981CBBCDA}.Debug|iPhone.Build.0 = Debug|Any CPU
		{87254710-77C9-458A-A273-421981CBBCDA}.Debug|iPhone.Deploy.0 = Debug|Any CPU
		{87254710-77C9-458A-A273-421981CBBCDA}.Debug|iPhoneSimulator.ActiveCfg = Debug|Any CPU
		{87254710-77C9-458A-A273-421981CBBCDA}.Debug|iPhoneSimulator.Build.0 = Debug|Any CPU
		{87254710-77C9-458A-A273-421981CBBCDA}.Debug|iPhoneSimulator.Deploy.0 = Debug|Any CPU
		{87254710-77C9-458A-A273-421981CBBCDA}.Release|Any CPU.ActiveCfg = Release|Any CPU
		{87254710-77C9-458A-A273-421981CBBCDA}.Release|Any CPU.Build.0 = Release|Any CPU
		{87254710-77C9-458A-A273-421981CBBCDA}.Release|Any CPU.Deploy.0 = Release|Any CPU
		{87254710-77C9-458A-A273-421981CBBCDA}.Release|iPhone.ActiveCfg = Release|Any CPU
		{87254710-77C9-458A-A273-421981CBBCDA}.Release|iPhone.Build.0 = Release|Any CPU
		{87254710-77C9-458A-A273-421981CBBCDA}.Release|iPhone.Deploy.0 = Release|Any CPU
		{87254710-77C9-458A-A273-421981CBBCDA}.Release|iPhoneSimulator.ActiveCfg = Release|Any CPU
		{87254710-77C9-458A-A273-421981CBBCDA}.Release|iPhoneSimulator.Build.0 = Release|Any CPU
		{87254710-77C9-458A-A273-421981CBBCDA}.Release|iPhoneSimulator.Deploy.0 = Release|Any CPU
		{866F0012-6B8C-43FC-83FE-0D1A9F264F60}.Debug|Any CPU.ActiveCfg = Debug|iPhoneSimulator
		{866F0012-6B8C-43FC-83FE-0D1A9F264F60}.Debug|Any CPU.Build.0 = Debug|iPhoneSimulator
		{866F0012-6B8C-43FC-83FE-0D1A9F264F60}.Debug|iPhone.ActiveCfg = Debug|iPhone
		{866F0012-6B8C-43FC-83FE-0D1A9F264F60}.Debug|iPhone.Build.0 = Debug|iPhone
		{866F0012-6B8C-43FC-83FE-0D1A9F264F60}.Debug|iPhoneSimulator.ActiveCfg = Debug|iPhoneSimulator
		{866F0012-6B8C-43FC-83FE-0D1A9F264F60}.Debug|iPhoneSimulator.Build.0 = Debug|iPhoneSimulator
		{866F0012-6B8C-43FC-83FE-0D1A9F264F60}.Release|Any CPU.ActiveCfg = Release|iPhoneSimulator
		{866F0012-6B8C-43FC-83FE-0D1A9F264F60}.Release|Any CPU.Build.0 = Release|iPhoneSimulator
		{866F0012-6B8C-43FC-83FE-0D1A9F264F60}.Release|iPhone.ActiveCfg = Release|iPhone
		{866F0012-6B8C-43FC-83FE-0D1A9F264F60}.Release|iPhone.Build.0 = Release|iPhone
		{866F0012-6B8C-43FC-83FE-0D1A9F264F60}.Release|iPhoneSimulator.ActiveCfg = Release|iPhoneSimulator
		{866F0012-6B8C-43FC-83FE-0D1A9F264F60}.Release|iPhoneSimulator.Build.0 = Release|iPhoneSimulator
	EndGlobalSection
	GlobalSection(SolutionProperties) = preSolution
		HideSolutionNode = FALSE
	EndGlobalSection
	GlobalSection(NestedProjects) = preSolution
		{B719E747-3AF7-4411-84E8-8B11C262E53D} = {3CCE14A3-858C-4AE6-BE1A-48932E1998E0}
		{C0AB886D-89A0-4847-ACA0-F9EA69C538DA} = {4A056817-0BB3-46F6-8123-DF97E5811BF8}
		{7E20B706-2843-4DE9-9429-8647121D0FDA} = {4A056817-0BB3-46F6-8123-DF97E5811BF8}
		{E1234A77-7E26-4A4E-9AC0-F01E1922885B} = {3CCE14A3-858C-4AE6-BE1A-48932E1998E0}
		{D50B305F-6AFE-4DA4-8EB4-CFB9802A86AE} = {F13A9F6C-9BCC-4E59-8109-BC6C5DCF3B6E}
		{776955F8-7BFB-48D7-AF3E-456BCC9D986E} = {44E9787E-7839-4DDC-AE84-41C95B472655}
		{8FEFB41D-5284-47C2-8F73-152EF68FF9D1} = {44E9787E-7839-4DDC-AE84-41C95B472655}
		{F0AC3667-0C37-4BA8-B156-3409A4B1C9DA} = {3CCE14A3-858C-4AE6-BE1A-48932E1998E0}
		{0098DD89-4D2B-45A7-9D6E-4580A23783D8} = {3CCE14A3-858C-4AE6-BE1A-48932E1998E0}
		{2E399DFC-6CB9-42A5-919D-552640617146} = {3CCE14A3-858C-4AE6-BE1A-48932E1998E0}
		{FDF3B14D-BBE7-4CAB-B007-C7684AC39AC0} = {3CCE14A3-858C-4AE6-BE1A-48932E1998E0}
		{E3E20EA4-3CEA-47D9-B209-5B0D52D3496E} = {3CCE14A3-858C-4AE6-BE1A-48932E1998E0}
		{288C8FE6-13C9-4C67-9700-31E0D3438C10} = {3CCE14A3-858C-4AE6-BE1A-48932E1998E0}
		{BC90162A-BC3B-4D71-B6C8-AE705C3CF061} = {6FFB2FDE-FB20-4A76-B564-C57084D51B86}
		{41AE31FF-85FE-41E8-82E3-B329FF6B5D6F} = {6FFB2FDE-FB20-4A76-B564-C57084D51B86}
		{87254710-77C9-458A-A273-421981CBBCDA} = {6FFB2FDE-FB20-4A76-B564-C57084D51B86}
		{866F0012-6B8C-43FC-83FE-0D1A9F264F60} = {6FFB2FDE-FB20-4A76-B564-C57084D51B86}
	EndGlobalSection
	GlobalSection(ExtensibilityGlobals) = postSolution
		SolutionGuid = {79CD081A-372A-4F2E-8330-120BF6C8087C}
	EndGlobalSection
EndGlobal
