
Microsoft Visual Studio Solution File, Format Version 12.00
# Visual Studio Version 17
VisualStudioVersion = 17.0.32126.317
MinimumVisualStudioVersion = 10.0.40219.1
Project("{9A19103F-16F7-4668-BE54-9A1E7A4F7556}") = "Turmerik.Core", "Turmerik.Core.csproj", "{B719E747-3AF7-4411-84E8-8B11C262E53D}"
EndProject
Project("{2150E333-8FDC-42A3-9474-1A3956D46DE8}") = "UnitTests", "UnitTests", "{4A056817-0BB3-46F6-8123-DF97E5811BF8}"
EndProject
Project("{2150E333-8FDC-42A3-9474-1A3956D46DE8}") = "Core", "Core", "{3CCE14A3-858C-4AE6-BE1A-48932E1998E0}"
EndProject
Project("{2150E333-8FDC-42A3-9474-1A3956D46DE8}") = "OneDriveExplorer", "OneDriveExplorer", "{F13A9F6C-9BCC-4E59-8109-BC6C5DCF3B6E}"
EndProject
Project("{9A19103F-16F7-4668-BE54-9A1E7A4F7556}") = "Turmerik.UnitTests", "..\Turmerik.UnitTests\Turmerik.UnitTests.csproj", "{C0AB886D-89A0-4847-ACA0-F9EA69C538DA}"
EndProject
Project("{9A19103F-16F7-4668-BE54-9A1E7A4F7556}") = "Turmerik.Cloneable.UnitTests", "..\Turmerik.Cloneable.UnitTests\Turmerik.Cloneable.UnitTests.csproj", "{7E20B706-2843-4DE9-9429-8647121D0FDA}"
EndProject
Project("{2150E333-8FDC-42A3-9474-1A3956D46DE8}") = "Solution Items", "Solution Items", "{B46E69F5-29AF-4F8F-8402-60F4A5895A99}"
	ProjectSection(SolutionItems) = preProject
		.editorconfig = .editorconfig
	EndProjectSection
EndProject
Project("{9A19103F-16F7-4668-BE54-9A1E7A4F7556}") = "Turmerik.Testing.Core", "..\Turmerik.Testing.Core\Turmerik.Testing.Core.csproj", "{E1234A77-7E26-4A4E-9AC0-F01E1922885B}"
EndProject
Project("{2150E333-8FDC-42A3-9474-1A3956D46DE8}") = "LocalDiskExplorer", "LocalDiskExplorer", "{44E9787E-7839-4DDC-AE84-41C95B472655}"
EndProject
Project("{9A19103F-16F7-4668-BE54-9A1E7A4F7556}") = "Turmerik.OneDriveExplorer.Blazor.App", "..\Turmerik.OneDriveExplorer.Blazor.App\Turmerik.OneDriveExplorer.Blazor.App.csproj", "{D50B305F-6AFE-4DA4-8EB4-CFB9802A86AE}"
EndProject
Project("{9A19103F-16F7-4668-BE54-9A1E7A4F7556}") = "Turmerik.LocalDiskExplorer.Blazor.App", "..\Turmerik.LocalDiskExplorer.Blazor.App\Turmerik.LocalDiskExplorer.Blazor.App.csproj", "{776955F8-7BFB-48D7-AF3E-456BCC9D986E}"
EndProject
Project("{9A19103F-16F7-4668-BE54-9A1E7A4F7556}") = "BlazorApp1", "..\BlazorApp1\BlazorApp1.csproj", "{8FEFB41D-5284-47C2-8F73-152EF68FF9D1}"
EndProject
Project("{9A19103F-16F7-4668-BE54-9A1E7A4F7556}") = "Turmerik.AspNetCore.MsIdentity", "..\Turmerik.AspNetCore.MsIdentity\Turmerik.AspNetCore.MsIdentity.csproj", "{F0AC3667-0C37-4BA8-B156-3409A4B1C9DA}"
EndProject
Project("{FAE04EC0-301F-11D3-BF4B-00C04F79EFBC}") = "Turmerik.AspNetCore", "..\Turmerik.AspNetCore\Turmerik.AspNetCore.csproj", "{0098DD89-4D2B-45A7-9D6E-4580A23783D8}"
EndProject
Global
	GlobalSection(SolutionConfigurationPlatforms) = preSolution
		Debug|Any CPU = Debug|Any CPU
		Release|Any CPU = Release|Any CPU
	EndGlobalSection
	GlobalSection(ProjectConfigurationPlatforms) = postSolution
		{B719E747-3AF7-4411-84E8-8B11C262E53D}.Debug|Any CPU.ActiveCfg = Debug|Any CPU
		{B719E747-3AF7-4411-84E8-8B11C262E53D}.Debug|Any CPU.Build.0 = Debug|Any CPU
		{B719E747-3AF7-4411-84E8-8B11C262E53D}.Release|Any CPU.ActiveCfg = Release|Any CPU
		{B719E747-3AF7-4411-84E8-8B11C262E53D}.Release|Any CPU.Build.0 = Release|Any CPU
		{C0AB886D-89A0-4847-ACA0-F9EA69C538DA}.Debug|Any CPU.ActiveCfg = Debug|Any CPU
		{C0AB886D-89A0-4847-ACA0-F9EA69C538DA}.Debug|Any CPU.Build.0 = Debug|Any CPU
		{C0AB886D-89A0-4847-ACA0-F9EA69C538DA}.Release|Any CPU.ActiveCfg = Release|Any CPU
		{C0AB886D-89A0-4847-ACA0-F9EA69C538DA}.Release|Any CPU.Build.0 = Release|Any CPU
		{7E20B706-2843-4DE9-9429-8647121D0FDA}.Debug|Any CPU.ActiveCfg = Debug|Any CPU
		{7E20B706-2843-4DE9-9429-8647121D0FDA}.Debug|Any CPU.Build.0 = Debug|Any CPU
		{7E20B706-2843-4DE9-9429-8647121D0FDA}.Release|Any CPU.ActiveCfg = Release|Any CPU
		{7E20B706-2843-4DE9-9429-8647121D0FDA}.Release|Any CPU.Build.0 = Release|Any CPU
		{E1234A77-7E26-4A4E-9AC0-F01E1922885B}.Debug|Any CPU.ActiveCfg = Debug|Any CPU
		{E1234A77-7E26-4A4E-9AC0-F01E1922885B}.Debug|Any CPU.Build.0 = Debug|Any CPU
		{E1234A77-7E26-4A4E-9AC0-F01E1922885B}.Release|Any CPU.ActiveCfg = Release|Any CPU
		{E1234A77-7E26-4A4E-9AC0-F01E1922885B}.Release|Any CPU.Build.0 = Release|Any CPU
		{D50B305F-6AFE-4DA4-8EB4-CFB9802A86AE}.Debug|Any CPU.ActiveCfg = Debug|Any CPU
		{D50B305F-6AFE-4DA4-8EB4-CFB9802A86AE}.Debug|Any CPU.Build.0 = Debug|Any CPU
		{D50B305F-6AFE-4DA4-8EB4-CFB9802A86AE}.Release|Any CPU.ActiveCfg = Release|Any CPU
		{D50B305F-6AFE-4DA4-8EB4-CFB9802A86AE}.Release|Any CPU.Build.0 = Release|Any CPU
		{776955F8-7BFB-48D7-AF3E-456BCC9D986E}.Debug|Any CPU.ActiveCfg = Debug|Any CPU
		{776955F8-7BFB-48D7-AF3E-456BCC9D986E}.Debug|Any CPU.Build.0 = Debug|Any CPU
		{776955F8-7BFB-48D7-AF3E-456BCC9D986E}.Release|Any CPU.ActiveCfg = Release|Any CPU
		{776955F8-7BFB-48D7-AF3E-456BCC9D986E}.Release|Any CPU.Build.0 = Release|Any CPU
		{8FEFB41D-5284-47C2-8F73-152EF68FF9D1}.Debug|Any CPU.ActiveCfg = Debug|Any CPU
		{8FEFB41D-5284-47C2-8F73-152EF68FF9D1}.Debug|Any CPU.Build.0 = Debug|Any CPU
		{8FEFB41D-5284-47C2-8F73-152EF68FF9D1}.Release|Any CPU.ActiveCfg = Release|Any CPU
		{8FEFB41D-5284-47C2-8F73-152EF68FF9D1}.Release|Any CPU.Build.0 = Release|Any CPU
		{F0AC3667-0C37-4BA8-B156-3409A4B1C9DA}.Debug|Any CPU.ActiveCfg = Debug|Any CPU
		{F0AC3667-0C37-4BA8-B156-3409A4B1C9DA}.Debug|Any CPU.Build.0 = Debug|Any CPU
		{F0AC3667-0C37-4BA8-B156-3409A4B1C9DA}.Release|Any CPU.ActiveCfg = Release|Any CPU
		{F0AC3667-0C37-4BA8-B156-3409A4B1C9DA}.Release|Any CPU.Build.0 = Release|Any CPU
		{0098DD89-4D2B-45A7-9D6E-4580A23783D8}.Debug|Any CPU.ActiveCfg = Debug|Any CPU
		{0098DD89-4D2B-45A7-9D6E-4580A23783D8}.Debug|Any CPU.Build.0 = Debug|Any CPU
		{0098DD89-4D2B-45A7-9D6E-4580A23783D8}.Release|Any CPU.ActiveCfg = Release|Any CPU
		{0098DD89-4D2B-45A7-9D6E-4580A23783D8}.Release|Any CPU.Build.0 = Release|Any CPU
	EndGlobalSection
	GlobalSection(SolutionProperties) = preSolution
		HideSolutionNode = FALSE
	EndGlobalSection
	GlobalSection(NestedProjects) = preSolution
		{B719E747-3AF7-4411-84E8-8B11C262E53D} = {3CCE14A3-858C-4AE6-BE1A-48932E1998E0}
		{C0AB886D-89A0-4847-ACA0-F9EA69C538DA} = {4A056817-0BB3-46F6-8123-DF97E5811BF8}
		{7E20B706-2843-4DE9-9429-8647121D0FDA} = {4A056817-0BB3-46F6-8123-DF97E5811BF8}
		{E1234A77-7E26-4A4E-9AC0-F01E1922885B} = {3CCE14A3-858C-4AE6-BE1A-48932E1998E0}
		{D50B305F-6AFE-4DA4-8EB4-CFB9802A86AE} = {F13A9F6C-9BCC-4E59-8109-BC6C5DCF3B6E}
		{776955F8-7BFB-48D7-AF3E-456BCC9D986E} = {44E9787E-7839-4DDC-AE84-41C95B472655}
		{8FEFB41D-5284-47C2-8F73-152EF68FF9D1} = {44E9787E-7839-4DDC-AE84-41C95B472655}
		{F0AC3667-0C37-4BA8-B156-3409A4B1C9DA} = {3CCE14A3-858C-4AE6-BE1A-48932E1998E0}
		{0098DD89-4D2B-45A7-9D6E-4580A23783D8} = {3CCE14A3-858C-4AE6-BE1A-48932E1998E0}
	EndGlobalSection
	GlobalSection(ExtensibilityGlobals) = postSolution
		SolutionGuid = {79CD081A-372A-4F2E-8330-120BF6C8087C}
	EndGlobalSection
EndGlobal
