
Microsoft Visual Studio Solution File, Format Version 12.00
# Visual Studio Version 17
VisualStudioVersion = 17.1.32421.90
MinimumVisualStudioVersion = 10.0.40219.1
Project("{FAE04EC0-301F-11D3-BF4B-00C04F79EFBC}") = "Turmerik.MusicalKeyboard.Xamarin.Android.App", "Turmerik.MusicalKeyboard.Xamarin.Android.App.csproj", "{AADA031B-6A35-4578-AE74-8E0D9ACD2BDC}"
EndProject
Global
	GlobalSection(SolutionConfigurationPlatforms) = preSolution
		Debug|Any CPU = Debug|Any CPU
		Release|Any CPU = Release|Any CPU
	EndGlobalSection
	GlobalSection(ProjectConfigurationPlatforms) = postSolution
		{AADA031B-6A35-4578-AE74-8E0D9ACD2BDC}.Debug|Any CPU.ActiveCfg = Debug|Any CPU
		{AADA031B-6A35-4578-AE74-8E0D9ACD2BDC}.Debug|Any CPU.Build.0 = Debug|Any CPU
		{AADA031B-6A35-4578-AE74-8E0D9ACD2BDC}.Debug|Any CPU.Deploy.0 = Debug|Any CPU
		{AADA031B-6A35-4578-AE74-8E0D9ACD2BDC}.Release|Any CPU.ActiveCfg = Release|Any CPU
		{AADA031B-6A35-4578-AE74-8E0D9ACD2BDC}.Release|Any CPU.Build.0 = Release|Any CPU
		{AADA031B-6A35-4578-AE74-8E0D9ACD2BDC}.Release|Any CPU.Deploy.0 = Release|Any CPU
	EndGlobalSection
	GlobalSection(SolutionProperties) = preSolution
		HideSolutionNode = FALSE
	EndGlobalSection
	GlobalSection(ExtensibilityGlobals) = postSolution
		SolutionGuid = {33D01189-A503-4723-8D58-69499D72A6E9}
	EndGlobalSection
EndGlobal
