{
  "requires": true,
  "lockfileVersion": 1,
  "dependencies": {
    "typescript": {
      "version": "4.7.0-dev.20220430",
      "resolved": "https://registry.npmjs.org/typescript/-/typescript-4.7.0-dev.20220430.tgz",
      "integrity": "sha512-ty5OXuKmvtzsKwq591xhf8fwqMDKtLbuP0XefWF97r90xU6LQAQY/i8gqQbn54QQix9zaTdEkNle39uC/9vsVQ==",
      "dev": true
    }
  }
}
